<Project xmlns="http://schemas.microsoft.com/developer/msbuild/2003">
  <PropertyGroup>
    <ProjectGuid>{52d9f4ce-6302-4719-93ed-ae4e89c5d15f}</ProjectGuid>
    <MainSource>Vizta.dpr</MainSource>
    <Configuration Condition=" '$(Configuration)' == '' ">Debug</Configuration>
    <Platform Condition=" '$(Platform)' == '' ">AnyCPU</Platform>
    <DCC_DCCCompiler>DCC32</DCC_DCCCompiler>
    <DCC_DependencyCheckOutputName>Vizta.exe</DCC_DependencyCheckOutputName>
  </PropertyGroup>
  <PropertyGroup Condition=" '$(Configuration)|$(Platform)' == 'Release|AnyCPU' ">
    <Version>7.0</Version>
    <DCC_DebugInformation>False</DCC_DebugInformation>
    <DCC_LocalDebugSymbols>False</DCC_LocalDebugSymbols>
    <DCC_SymbolReferenceInfo>0</DCC_SymbolReferenceInfo>
    <DCC_Define>RELEASE</DCC_Define>
    <DCC_UNSAFE_TYPE>True</DCC_UNSAFE_TYPE>
    <DCC_UNSAFE_CODE>True</DCC_UNSAFE_CODE>
    <DCC_UNSAFE_CAST>True</DCC_UNSAFE_CAST>
  </PropertyGroup>
  <PropertyGroup Condition=" '$(Configuration)|$(Platform)' == 'Debug|AnyCPU' ">
    <Version>7.0</Version>
    <DCC_Define>DEBUG</DCC_Define>
    <DCC_UNSAFE_TYPE>True</DCC_UNSAFE_TYPE>
    <DCC_UNSAFE_CODE>True</DCC_UNSAFE_CODE>
    <DCC_UNSAFE_CAST>True</DCC_UNSAFE_CAST>
  </PropertyGroup>
  <ProjectExtensions>
    <Borland.Personality>Delphi.Personality</Borland.Personality>
    <Borland.ProjectType>VCLApplication</Borland.ProjectType>
    <BorlandProject>
<BorlandProject xmlns=""> <Delphi.Personality>   <Parameters>
      <Parameters Name="UseLauncher">False</Parameters>
      <Parameters Name="LoadAllSymbols">True</Parameters>
      <Parameters Name="LoadUnspecifiedSymbols">False</Parameters>
    </Parameters>
    <VersionInfo>
      <VersionInfo Name="IncludeVerInfo">True</VersionInfo>
      <VersionInfo Name="AutoIncBuild">True</VersionInfo>
      <VersionInfo Name="MajorVer">3</VersionInfo>
      <VersionInfo Name="MinorVer">6</VersionInfo>
      <VersionInfo Name="Release">2</VersionInfo>
      <VersionInfo Name="Build">0</VersionInfo>
      <VersionInfo Name="Debug">False</VersionInfo>
      <VersionInfo Name="PreRelease">False</VersionInfo>
      <VersionInfo Name="Special">False</VersionInfo>
      <VersionInfo Name="Private">False</VersionInfo>
      <VersionInfo Name="DLL">False</VersionInfo>
      <VersionInfo Name="Locale">1033</VersionInfo>
      <VersionInfo Name="CodePage">1252</VersionInfo>
    </VersionInfo>
    <VersionInfoKeys>
      <VersionInfoKeys Name="CompanyName">PT. Vizta Pratama</VersionInfoKeys>
      <VersionInfoKeys Name="FileDescription">3.6.2.0</VersionInfoKeys>
      <VersionInfoKeys Name="FileVersion">3.6.2.0</VersionInfoKeys>
      <VersionInfoKeys Name="InternalName"></VersionInfoKeys>
      <VersionInfoKeys Name="LegalCopyright"></VersionInfoKeys>
      <VersionInfoKeys Name="LegalTrademarks"></VersionInfoKeys>
      <VersionInfoKeys Name="OriginalFilename"></VersionInfoKeys>
      <VersionInfoKeys Name="ProductName"></VersionInfoKeys>
      <VersionInfoKeys Name="ProductVersion">3.6.2.0</VersionInfoKeys>
    </VersionInfoKeys>
    <Source>
      <Source Name="MainSource">Vizta.dpr</Source>
    </Source>
  </Delphi.Personality> </BorlandProject></BorlandProject>
  </ProjectExtensions>
  <ItemGroup />
  <ItemGroup>
    <DelphiCompile Include="Vizta.dpr">
      <MainSource>MainSource</MainSource>
    </DelphiCompile>
    <DCCReference Include="konversi.pas" />
    <DCCReference Include="QsatuanKonvInp.pas">
      <Form>FsatuanKonversi</Form>
    </DCCReference>
    <DCCReference Include="SonglistUpdate\untDB.pas">
      <Form>mdlDB</Form>
    </DCCReference>
    <DCCReference Include="SonglistUpdate\untTools.pas">
      <Form>mdlTools</Form>
    </DCCReference>
    <DCCReference Include="SonglistUpdate\untUpdateLagu.pas">
      <Form>FsongList</Form>
    </DCCReference>
    <DCCReference Include="SongUpdate\DiskSpaceKludge.pas" />
    <DCCReference Include="SongUpdate\dwlCore.pas" />
    <DCCReference Include="SongUpdate\untSongUpdate.pas">
      <Form>frmSongUpdate</Form>
    </DCCReference>
    <DCCReference Include="Unit1.pas">
      <Form>modul</Form>
    </DCCReference>
    <DCCReference Include="Unit10.pas">
      <Form>fmember</Form>
    </DCCReference>
    <DCCReference Include="Unit11.pas">
      <Form>fpaketroom</Form>
    </DCCReference>
    <DCCReference Include="Unit12.pas">
      <Form>fcarimenu</Form>
    </DCCReference>
    <DCCReference Include="Unit13.pas">
      <Form>forderroom</Form>
    </DCCReference>
    <DCCReference Include="Unit14.pas">
      <Form>fordermenu</Form>
    </DCCReference>
    <DCCReference Include="Unit15.pas">
      <Form>forderdll</Form>
    </DCCReference>
    <DCCReference Include="Unit16.pas">
      <Form>fpayment</Form>
    </DCCReference>
    <DCCReference Include="Unit2.pas">
      <Form>fkategoriroom</Form>
    </DCCReference>
    <DCCReference Include="Unit3.pas">
      <Form>FrmInduk</Form>
    </DCCReference>
    <DCCReference Include="Unit4.pas">
      <Form>fkategorimenu</Form>
    </DCCReference>
    <DCCReference Include="Unit5.pas">
      <Form>fbar</Form>
    </DCCReference>
    <DCCReference Include="Unit6.pas">
      <Form>fkasir</Form>
    </DCCReference>
    <DCCReference Include="Unit7.pas">
      <Form>fkategorimember</Form>
    </DCCReference>
    <DCCReference Include="Unit8.pas">
      <Form>froom</Form>
    </DCCReference>
    <DCCReference Include="Unit9.pas">
      <Form>fmenu</Form>
    </DCCReference>
    <DCCReference Include="untbank.pas">
      <Form>fbank</Form>
    </DCCReference>
    <DCCReference Include="untbarang.pas">
      <Form>fbarang</Form>
    </DCCReference>
    <DCCReference Include="untBarangCar.pas">
      <Form>FbarangCar</Form>
    </DCCReference>
    <DCCReference Include="untBarangDistributor.pas">
      <Form>FbarangDistributor</Form>
    </DCCReference>
    <DCCReference Include="untbarangkeluar.pas">
      <Form>fbarangkeluar</Form>
    </DCCReference>
    <DCCReference Include="Untbaranglap.pas">
      <Form>Fsplash</Form>
    </DCCReference>
    <DCCReference Include="untBarangMaster.pas">
      <Form>FbarangMaster</Form>
    </DCCReference>
    <DCCReference Include="untbarangmasuk.pas">
      <Form>fbarangmasuk</Form>
    </DCCReference>
    <DCCReference Include="untBarangMasukMaster.pas">
      <Form>FbarangMasukMaster</Form>
    </DCCReference>
    <DCCReference Include="UntBill.pas">
      <Form>Fbill</Form>
    </DCCReference>
    <DCCReference Include="untBillCashOrder.pas">
      <Form>FbillCashOrder</Form>
    </DCCReference>
    <DCCReference Include="untBillStart.pas">
      <Form>FBillStart</Form>
    </DCCReference>
    <DCCReference Include="untBillStop.pas">
      <Form>FBillStop</Form>
    </DCCReference>
    <DCCReference Include="untcaribarang.pas">
      <Form>fcaribarang</Form>
    </DCCReference>
    <DCCReference Include="untcarikar.pas">
      <Form>Fcarikar</Form>
    </DCCReference>
    <DCCReference Include="untCheckServer.pas">
      <Form>FcheckServer</Form>
    </DCCReference>
    <DCCReference Include="untcontrolroom.pas">
      <Form>Fcontrolroom</Form>
    </DCCReference>
    <DCCReference Include="UntCSql.pas">
      <Form>FsqlControl</Form>
    </DCCReference>
    <DCCReference Include="Untdailyreport.pas">
      <Form>freport</Form>
    </DCCReference>
    <DCCReference Include="untdatamember.pas">
      <Form>fdatamember</Form>
    </DCCReference>
    <DCCReference Include="untdatasong.pas">
      <Form>fdatasong</Form>
    </DCCReference>
    <DCCReference Include="untdetailpayment.pas">
      <Form>fpaymentdetailreport</Form>
    </DCCReference>
    <DCCReference Include="untdetailpenjualan.pas">
      <Form>fdetailpenjualan</Form>
    </DCCReference>
    <DCCReference Include="untdetailrekapitulasi.pas">
      <Form>Fdetailrekapitulasi</Form>
    </DCCReference>
    <DCCReference Include="untdetailreport.pas">
      <Form>fdetailreport</Form>
    </DCCReference>
    <DCCReference Include="untdistributor.pas">
      <Form>fdistributor</Form>
    </DCCReference>
    <DCCReference Include="untDistributorBarang.pas">
      <Form>FdistributorBarang</Form>
    </DCCReference>
    <DCCReference Include="untDistributorMaster.pas">
      <Form>FdistributorMaster</Form>
    </DCCReference>
    <DCCReference Include="untGudang.pas">
      <Form>FgudangMutasi</Form>
    </DCCReference>
    <DCCReference Include="untGudangMaster.pas">
      <Form>Fgudang</Form>
    </DCCReference>
    <DCCReference Include="untGudangMutasiDetail.pas">
      <Form>FgudangMutasiDetail</Form>
    </DCCReference>
    <DCCReference Include="untinsertlagu.pas">
      <Form>finsertlagu</Form>
    </DCCReference>
    <DCCReference Include="untkatbarang.pas">
      <Form>fkatbarang</Form>
    </DCCReference>
    <DCCReference Include="Untkatuser.pas">
      <Form>fkatuser</Form>
    </DCCReference>
    <DCCReference Include="untKirimLagu.pas">
      <Form>FkirimLagu</Form>
    </DCCReference>
    <DCCReference Include="untKirimLaguInput.pas">
      <Form>FkirimLaguInput</Form>
    </DCCReference>
    <DCCReference Include="untkomposisi.pas">
      <Form>fkomposisi</Form>
    </DCCReference>
    <DCCReference Include="untKomposisiInput.pas">
      <Form>FkomposisiInput</Form>
    </DCCReference>
    <DCCReference Include="untKonvpayment.pas">
      <Form>fkonversipayment</Form>
    </DCCReference>
    <DCCReference Include="untkoreksi.pas">
      <Form>Fbillkoreksi</Form>
    </DCCReference>
    <DCCReference Include="untLogin.pas">
      <Form>Flogin</Form>
    </DCCReference>
    <DCCReference Include="untMemberCari.pas">
      <Form>FmemberCari</Form>
    </DCCReference>
    <DCCReference Include="untmemberreport.pas">
      <Form>fmemberreport</Form>
    </DCCReference>
    <DCCReference Include="untMemberUpdate.pas">
      <Form>fMemberUpdate</Form>
    </DCCReference>
    <DCCReference Include="untMenuCari.pas">
      <Form>FmenuCari</Form>
    </DCCReference>
    <DCCReference Include="untmenureport.pas">
      <Form>fmenureport</Form>
    </DCCReference>
    <DCCReference Include="untMessage.pas">
      <Form>Fmessage</Form>
    </DCCReference>
    <DCCReference Include="untorderpurchase.pas">
      <Form>FpurchaseOrder</Form>
    </DCCReference>
    <DCCReference Include="untpenyesuaian.pas">
      <Form>fpenyesuaian</Form>
    </DCCReference>
    <DCCReference Include="untPesanBill.pas">
      <Form>FpesanBill</Form>
    </DCCReference>
    <DCCReference Include="untpindahroom.pas">
      <Form>fpindahroom</Form>
    </DCCReference>
    <DCCReference Include="untPing.pas" />
    <DCCReference Include="untPromoBill.pas">
      <Form>FpromoBill</Form>
    </DCCReference>
    <DCCReference Include="untPurchaseOrderMaster.pas">
      <Form>FpurchaseOrderMaster</Form>
    </DCCReference>
    <DCCReference Include="UntpurchaseRequestReport.pas">
      <Form>FpurchaseRequestReport</Form>
    </DCCReference>
    <DCCReference Include="untPurchaseRequestStatus.pas">
      <Form>FPurchaseRequestStatus</Form>
    </DCCReference>
    <DCCReference Include="untPurchaseRequestTambah.pas">
      <Form>FpurchaseRequestTambah</Form>
    </DCCReference>
    <DCCReference Include="untreportmasuk.pas">
      <Form>freportmasuk</Form>
    </DCCReference>
    <DCCReference Include="untreportmemberdetail.pas">
      <Form>fdetailmemberreport</Form>
    </DCCReference>
    <DCCReference Include="untreportreservasi.pas">
      <Form>Freportreservasi</Form>
    </DCCReference>
    <DCCReference Include="untrequestpurchase.pas">
      <Form>FpurchaseRequest</Form>
    </DCCReference>
    <DCCReference Include="untreservasi.pas">
      <Form>Freservasi</Form>
    </DCCReference>
    <DCCReference Include="untReservasiBill.pas">
      <Form>FreservasiBill</Form>
    </DCCReference>
    <DCCReference Include="untRoomPass.pas">
      <Form>FroomPass</Form>
    </DCCReference>
    <DCCReference Include="untroomreport.pas">
      <Form>Froomreport</Form>
    </DCCReference>
    <DCCReference Include="untrunningtext.pas">
      <Form>Frunningtext</Form>
    </DCCReference>
    <DCCReference Include="untSaran.pas">
      <Form>Fsaran</Form>
    </DCCReference>
    <DCCReference Include="untsatuan.pas">
      <Form>fsatuan</Form>
    </DCCReference>
    <DCCReference Include="untSatuanKonvInp.pas">
      <Form>FsatuanKonvSetup</Form>
    </DCCReference>
    <DCCReference Include="untSetup.pas">
      <Form>FSetup</Form>
    </DCCReference>
    <DCCReference Include="untsongreport.pas">
      <Form>FSsongReport</Form>
    </DCCReference>
    <DCCReference Include="untSRequest.pas">
      <Form>FSsong</Form>
    </DCCReference>
    <DCCReference Include="untSrequestCari.pas">
      <Form>FSsongCari</Form>
    </DCCReference>
    <DCCReference Include="untstok.pas">
      <Form>fstok</Form>
    </DCCReference>
    <DCCReference Include="untstokbarang.pas">
      <Form>fstokbarang</Form>
    </DCCReference>
    <DCCReference Include="untstokharian.pas">
      <Form>Fdailybarangkeluar</Form>
    </DCCReference>
    <DCCReference Include="untStokPenyesuaian.pas">
      <Form>FstokPenyesuaian</Form>
    </DCCReference>
    <DCCReference Include="untsummary.pas">
      <Form>fsummary</Form>
    </DCCReference>
    <DCCReference Include="unttambahlagu.pas">
      <Form>Ftambahlagu</Form>
    </DCCReference>
    <DCCReference Include="unttvchannel.pas">
      <Form>Ftvchannel</Form>
    </DCCReference>
    <DCCReference Include="untwaiter.pas">
      <Form>fwaiterreport</Form>
    </DCCReference>
    <DCCReference Include="UpayControl.pas">
      <Form>FpayControl</Form>
    </DCCReference>
  </ItemGroup>
  <Import Project="$(MSBuildBinPath)\Borland.Delphi.Targets" />
</Project>